
Microsoft Visual Studio Solution File, Format Version 12.00
# Visual Studio Version 17
VisualStudioVersion = 17.4.33110.190
MinimumVisualStudioVersion = 10.0.40219.1
Project("{FAE04EC0-301F-11D3-BF4B-00C04F79EFBC}") = "Stack", "Stack.csproj", "{7C1B0647-F4FF-46FB-9CB5-F402759CB294}"
EndProject
Global
	GlobalSection(SolutionConfigurationPlatforms) = preSolution
		Debug|Any CPU = Debug|Any CPU
		Release|Any CPU = Release|Any CPU
	EndGlobalSection
	GlobalSection(ProjectConfigurationPlatforms) = postSolution
		{7C1B0647-F4FF-46FB-9CB5-F402759CB294}.Debug|Any CPU.ActiveCfg = Debug|Any CPU
		{7C1B0647-F4FF-46FB-9CB5-F402759CB294}.Debug|Any CPU.Build.0 = Debug|Any CPU
		{7C1B0647-F4FF-46FB-9CB5-F402759CB294}.Release|Any CPU.ActiveCfg = Release|Any CPU
		{7C1B0647-F4FF-46FB-9CB5-F402759CB294}.Release|Any CPU.Build.0 = Release|Any CPU
	EndGlobalSection
	GlobalSection(SolutionProperties) = preSolution
		HideSolutionNode = FALSE
	EndGlobalSection
	GlobalSection(ExtensibilityGlobals) = postSolution
		SolutionGuid = {603A15DE-959E-44EF-B362-C50648486D0E}
	EndGlobalSection
EndGlobal
